
Microsoft Visual Studio Solution File, Format Version 12.00
# Visual Studio 15
VisualStudioVersion = 15.0.28010.2046
MinimumVisualStudioVersion = 10.0.40219.1
Project("{888888A0-9F3D-457C-B088-3A5042F75D52}") = "WordFrequencyCount", "WordFrequencyCount\WordFrequencyCount.pyproj", "{39F6EEA5-2A93-49E6-AA8F-70543CC2BBA5}"
EndProject
Global
	GlobalSection(SolutionConfigurationPlatforms) = preSolution
		Debug|Any CPU = Debug|Any CPU
		Release|Any CPU = Release|Any CPU
	EndGlobalSection
	GlobalSection(ProjectConfigurationPlatforms) = postSolution
		{39F6EEA5-2A93-49E6-AA8F-70543CC2BBA5}.Debug|Any CPU.ActiveCfg = Debug|Any CPU
		{39F6EEA5-2A93-49E6-AA8F-70543CC2BBA5}.Release|Any CPU.ActiveCfg = Release|Any CPU
	EndGlobalSection
	GlobalSection(SolutionProperties) = preSolution
		HideSolutionNode = FALSE
	EndGlobalSection
	GlobalSection(ExtensibilityGlobals) = postSolution
		SolutionGuid = {97BC984E-DF0D-4BFD-9892-D22E2F83576E}
	EndGlobalSection
EndGlobal
